// !$*UTF8*$!
{
	archiveVersion = 1;
	classes = {
	};
	objectVersion = 46;
	objects = {

/* Begin PBXBuildFile section */
		EB69D2C61C8516CC00472A51 /* NotesTableViewController.m in Sources */ = {isa = PBXBuildFile; fileRef = EB69D2C51C8516CC00472A51 /* NotesTableViewController.m */; };
		EB69D2C91C851BA900472A51 /* SecretNoteViewController.m in Sources */ = {isa = PBXBuildFile; fileRef = EB69D2C81C851BA900472A51 /* SecretNoteViewController.m */; };
		EB88B93C1CCE6F3E0066A10A /* noteCell.xib in Resources */ = {isa = PBXBuildFile; fileRef = EB88B93B1CCE6F3E0066A10A /* noteCell.xib */; };
		EB88B93F1CCE72000066A10A /* NoteTableViewCell.m in Sources */ = {isa = PBXBuildFile; fileRef = EB88B93E1CCE72000066A10A /* NoteTableViewCell.m */; };
		EBE89DA51CD148A7008D3CC3 /* NoteModel.xcdatamodeld in Sources */ = {isa = PBXBuildFile; fileRef = EBE89DA31CD148A7008D3CC3 /* NoteModel.xcdatamodeld */; };
		EBE89DB41CD15099008D3CC3 /* CoreData.framework in Frameworks */ = {isa = PBXBuildFile; fileRef = EBE89DB31CD15099008D3CC3 /* CoreData.framework */; };
		EBE89DB71CD1511E008D3CC3 /* NotesDataStore.m in Sources */ = {isa = PBXBuildFile; fileRef = EBE89DB61CD1511E008D3CC3 /* NotesDataStore.m */; };
		EBE89DC61CD1694B008D3CC3 /* NoteDisplay+CoreDataProperties.m in Sources */ = {isa = PBXBuildFile; fileRef = EBE89DBF1CD1694B008D3CC3 /* NoteDisplay+CoreDataProperties.m */; };
		EBE89DC71CD1694B008D3CC3 /* NoteDisplay.m in Sources */ = {isa = PBXBuildFile; fileRef = EBE89DC11CD1694B008D3CC3 /* NoteDisplay.m */; };
		EBE89DC81CD1694B008D3CC3 /* Note+CoreDataProperties.m in Sources */ = {isa = PBXBuildFile; fileRef = EBE89DC31CD1694B008D3CC3 /* Note+CoreDataProperties.m */; };
		EBE89DC91CD1694B008D3CC3 /* Note.m in Sources */ = {isa = PBXBuildFile; fileRef = EBE89DC51CD1694B008D3CC3 /* Note.m */; };
		EBEE93D31C84A6D20034CD21 /* main.m in Sources */ = {isa = PBXBuildFile; fileRef = EBEE93D21C84A6D20034CD21 /* main.m */; };
		EBEE93D61C84A6D20034CD21 /* AppDelegate.m in Sources */ = {isa = PBXBuildFile; fileRef = EBEE93D51C84A6D20034CD21 /* AppDelegate.m */; };
		EBEE93DC1C84A6D20034CD21 /* Main.storyboard in Resources */ = {isa = PBXBuildFile; fileRef = EBEE93DA1C84A6D20034CD21 /* Main.storyboard */; };
		EBEE93DE1C84A6D20034CD21 /* Assets.xcassets in Resources */ = {isa = PBXBuildFile; fileRef = EBEE93DD1C84A6D20034CD21 /* Assets.xcassets */; };
		EBEE93E11C84A6D20034CD21 /* LaunchScreen.storyboard in Resources */ = {isa = PBXBuildFile; fileRef = EBEE93DF1C84A6D20034CD21 /* LaunchScreen.storyboard */; };
		EBEE93EC1C84A6D20034CD21 /* AuthdemoTests.m in Sources */ = {isa = PBXBuildFile; fileRef = EBEE93EB1C84A6D20034CD21 /* AuthdemoTests.m */; };
		EBEE93F71C84A6D20034CD21 /* AuthdemoUITests.m in Sources */ = {isa = PBXBuildFile; fileRef = EBEE93F61C84A6D20034CD21 /* AuthdemoUITests.m */; };
/* End PBXBuildFile section */

/* Begin PBXContainerItemProxy section */
		EBEE93E81C84A6D20034CD21 /* PBXContainerItemProxy */ = {
			isa = PBXContainerItemProxy;
			containerPortal = EBEE93C61C84A6D20034CD21 /* Project object */;
			proxyType = 1;
			remoteGlobalIDString = EBEE93CD1C84A6D20034CD21;
			remoteInfo = Authdemo;
		};
		EBEE93F31C84A6D20034CD21 /* PBXContainerItemProxy */ = {
			isa = PBXContainerItemProxy;
			containerPortal = EBEE93C61C84A6D20034CD21 /* Project object */;
			proxyType = 1;
			remoteGlobalIDString = EBEE93CD1C84A6D20034CD21;
			remoteInfo = Authdemo;
		};
/* End PBXContainerItemProxy section */

/* Begin PBXFileReference section */
		EB69D2C41C8516CC00472A51 /* NotesTableViewController.h */ = {isa = PBXFileReference; fileEncoding = 4; lastKnownFileType = sourcecode.c.h; path = NotesTableViewController.h; sourceTree = "<group>"; };
		EB69D2C51C8516CC00472A51 /* NotesTableViewController.m */ = {isa = PBXFileReference; fileEncoding = 4; lastKnownFileType = sourcecode.c.objc; path = NotesTableViewController.m; sourceTree = "<group>"; };
		EB69D2C71C851BA900472A51 /* SecretNoteViewController.h */ = {isa = PBXFileReference; fileEncoding = 4; lastKnownFileType = sourcecode.c.h; path = SecretNoteViewController.h; sourceTree = "<group>"; };
		EB69D2C81C851BA900472A51 /* SecretNoteViewController.m */ = {isa = PBXFileReference; fileEncoding = 4; lastKnownFileType = sourcecode.c.objc; path = SecretNoteViewController.m; sourceTree = "<group>"; };
		EB88B93B1CCE6F3E0066A10A /* noteCell.xib */ = {isa = PBXFileReference; fileEncoding = 4; lastKnownFileType = file.xib; path = noteCell.xib; sourceTree = "<group>"; };
		EB88B93D1CCE72000066A10A /* NoteTableViewCell.h */ = {isa = PBXFileReference; fileEncoding = 4; lastKnownFileType = sourcecode.c.h; path = NoteTableViewCell.h; sourceTree = "<group>"; };
		EB88B93E1CCE72000066A10A /* NoteTableViewCell.m */ = {isa = PBXFileReference; fileEncoding = 4; lastKnownFileType = sourcecode.c.objc; path = NoteTableViewCell.m; sourceTree = "<group>"; };
		EBE89DA41CD148A7008D3CC3 /* NoteModel.xcdatamodel */ = {isa = PBXFileReference; lastKnownFileType = wrapper.xcdatamodel; path = NoteModel.xcdatamodel; sourceTree = "<group>"; };
		EBE89DB31CD15099008D3CC3 /* CoreData.framework */ = {isa = PBXFileReference; lastKnownFileType = wrapper.framework; name = CoreData.framework; path = System/Library/Frameworks/CoreData.framework; sourceTree = SDKROOT; };
		EBE89DB51CD1511E008D3CC3 /* NotesDataStore.h */ = {isa = PBXFileReference; fileEncoding = 4; lastKnownFileType = sourcecode.c.h; name = NotesDataStore.h; path = ../NotesDataStore.h; sourceTree = "<group>"; };
		EBE89DB61CD1511E008D3CC3 /* NotesDataStore.m */ = {isa = PBXFileReference; fileEncoding = 4; lastKnownFileType = sourcecode.c.objc; name = NotesDataStore.m; path = ../NotesDataStore.m; sourceTree = "<group>"; };
		EBE89DBE1CD1694B008D3CC3 /* NoteDisplay+CoreDataProperties.h */ = {isa = PBXFileReference; fileEncoding = 4; lastKnownFileType = sourcecode.c.h; path = "NoteDisplay+CoreDataProperties.h"; sourceTree = "<group>"; };
		EBE89DBF1CD1694B008D3CC3 /* NoteDisplay+CoreDataProperties.m */ = {isa = PBXFileReference; fileEncoding = 4; lastKnownFileType = sourcecode.c.objc; path = "NoteDisplay+CoreDataProperties.m"; sourceTree = "<group>"; };
		EBE89DC01CD1694B008D3CC3 /* NoteDisplay.h */ = {isa = PBXFileReference; fileEncoding = 4; lastKnownFileType = sourcecode.c.h; path = NoteDisplay.h; sourceTree = "<group>"; };
		EBE89DC11CD1694B008D3CC3 /* NoteDisplay.m */ = {isa = PBXFileReference; fileEncoding = 4; lastKnownFileType = sourcecode.c.objc; path = NoteDisplay.m; sourceTree = "<group>"; };
		EBE89DC21CD1694B008D3CC3 /* Note+CoreDataProperties.h */ = {isa = PBXFileReference; fileEncoding = 4; lastKnownFileType = sourcecode.c.h; path = "Note+CoreDataProperties.h"; sourceTree = "<group>"; };
		EBE89DC31CD1694B008D3CC3 /* Note+CoreDataProperties.m */ = {isa = PBXFileReference; fileEncoding = 4; lastKnownFileType = sourcecode.c.objc; path = "Note+CoreDataProperties.m"; sourceTree = "<group>"; };
		EBE89DC41CD1694B008D3CC3 /* Note.h */ = {isa = PBXFileReference; fileEncoding = 4; lastKnownFileType = sourcecode.c.h; path = Note.h; sourceTree = "<group>"; };
		EBE89DC51CD1694B008D3CC3 /* Note.m */ = {isa = PBXFileReference; fileEncoding = 4; lastKnownFileType = sourcecode.c.objc; path = Note.m; sourceTree = "<group>"; };
		EBEE93CE1C84A6D20034CD21 /* Authdemo.app */ = {isa = PBXFileReference; explicitFileType = wrapper.application; includeInIndex = 0; path = Authdemo.app; sourceTree = BUILT_PRODUCTS_DIR; };
		EBEE93D21C84A6D20034CD21 /* main.m */ = {isa = PBXFileReference; lastKnownFileType = sourcecode.c.objc; path = main.m; sourceTree = "<group>"; };
		EBEE93D41C84A6D20034CD21 /* AppDelegate.h */ = {isa = PBXFileReference; lastKnownFileType = sourcecode.c.h; path = AppDelegate.h; sourceTree = "<group>"; };
		EBEE93D51C84A6D20034CD21 /* AppDelegate.m */ = {isa = PBXFileReference; lastKnownFileType = sourcecode.c.objc; path = AppDelegate.m; sourceTree = "<group>"; };
		EBEE93DB1C84A6D20034CD21 /* Base */ = {isa = PBXFileReference; lastKnownFileType = file.storyboard; name = Base; path = Base.lproj/Main.storyboard; sourceTree = "<group>"; };
		EBEE93DD1C84A6D20034CD21 /* Assets.xcassets */ = {isa = PBXFileReference; lastKnownFileType = folder.assetcatalog; path = Assets.xcassets; sourceTree = "<group>"; };
		EBEE93E01C84A6D20034CD21 /* Base */ = {isa = PBXFileReference; lastKnownFileType = file.storyboard; name = Base; path = Base.lproj/LaunchScreen.storyboard; sourceTree = "<group>"; };
		EBEE93E21C84A6D20034CD21 /* Info.plist */ = {isa = PBXFileReference; lastKnownFileType = text.plist.xml; path = Info.plist; sourceTree = "<group>"; };
		EBEE93E71C84A6D20034CD21 /* AuthdemoTests.xctest */ = {isa = PBXFileReference; explicitFileType = wrapper.cfbundle; includeInIndex = 0; path = AuthdemoTests.xctest; sourceTree = BUILT_PRODUCTS_DIR; };
		EBEE93EB1C84A6D20034CD21 /* AuthdemoTests.m */ = {isa = PBXFileReference; lastKnownFileType = sourcecode.c.objc; path = AuthdemoTests.m; sourceTree = "<group>"; };
		EBEE93ED1C84A6D20034CD21 /* Info.plist */ = {isa = PBXFileReference; lastKnownFileType = text.plist.xml; path = Info.plist; sourceTree = "<group>"; };
		EBEE93F21C84A6D20034CD21 /* AuthdemoUITests.xctest */ = {isa = PBXFileReference; explicitFileType = wrapper.cfbundle; includeInIndex = 0; path = AuthdemoUITests.xctest; sourceTree = BUILT_PRODUCTS_DIR; };
		EBEE93F61C84A6D20034CD21 /* AuthdemoUITests.m */ = {isa = PBXFileReference; lastKnownFileType = sourcecode.c.objc; path = AuthdemoUITests.m; sourceTree = "<group>"; };
		EBEE93F81C84A6D20034CD21 /* Info.plist */ = {isa = PBXFileReference; lastKnownFileType = text.plist.xml; path = Info.plist; sourceTree = "<group>"; };
/* End PBXFileReference section */

/* Begin PBXFrameworksBuildPhase section */
		EBEE93CB1C84A6D20034CD21 /* Frameworks */ = {
			isa = PBXFrameworksBuildPhase;
			buildActionMask = 2147483647;
			files = (
				EBE89DB41CD15099008D3CC3 /* CoreData.framework in Frameworks */,
			);
			runOnlyForDeploymentPostprocessing = 0;
		};
		EBEE93E41C84A6D20034CD21 /* Frameworks */ = {
			isa = PBXFrameworksBuildPhase;
			buildActionMask = 2147483647;
			files = (
			);
			runOnlyForDeploymentPostprocessing = 0;
		};
		EBEE93EF1C84A6D20034CD21 /* Frameworks */ = {
			isa = PBXFrameworksBuildPhase;
			buildActionMask = 2147483647;
			files = (
			);
			runOnlyForDeploymentPostprocessing = 0;
		};
/* End PBXFrameworksBuildPhase section */

/* Begin PBXGroup section */
		EBE89DB21CD14CE1008D3CC3 /* Core Data */ = {
			isa = PBXGroup;
			children = (
				EBE89DA31CD148A7008D3CC3 /* NoteModel.xcdatamodeld */,
				EBE89DBE1CD1694B008D3CC3 /* NoteDisplay+CoreDataProperties.h */,
				EBE89DBF1CD1694B008D3CC3 /* NoteDisplay+CoreDataProperties.m */,
				EBE89DC01CD1694B008D3CC3 /* NoteDisplay.h */,
				EBE89DC11CD1694B008D3CC3 /* NoteDisplay.m */,
				EBE89DC21CD1694B008D3CC3 /* Note+CoreDataProperties.h */,
				EBE89DC31CD1694B008D3CC3 /* Note+CoreDataProperties.m */,
				EBE89DC41CD1694B008D3CC3 /* Note.h */,
				EBE89DC51CD1694B008D3CC3 /* Note.m */,
			);
			name = "Core Data";
			sourceTree = "<group>";
		};
		EBEE93C51C84A6D20034CD21 = {
			isa = PBXGroup;
			children = (
				EBE89DB31CD15099008D3CC3 /* CoreData.framework */,
				EBEE93D01C84A6D20034CD21 /* Authdemo */,
				EBEE93EA1C84A6D20034CD21 /* AuthdemoTests */,
				EBEE93F51C84A6D20034CD21 /* AuthdemoUITests */,
				EBEE93CF1C84A6D20034CD21 /* Products */,
			);
			sourceTree = "<group>";
		};
		EBEE93CF1C84A6D20034CD21 /* Products */ = {
			isa = PBXGroup;
			children = (
				EBEE93CE1C84A6D20034CD21 /* Authdemo.app */,
				EBEE93E71C84A6D20034CD21 /* AuthdemoTests.xctest */,
				EBEE93F21C84A6D20034CD21 /* AuthdemoUITests.xctest */,
			);
			name = Products;
			sourceTree = "<group>";
		};
		EBEE93D01C84A6D20034CD21 /* Authdemo */ = {
			isa = PBXGroup;
			children = (
				EBE89DB21CD14CE1008D3CC3 /* Core Data */,
				EBEE93D41C84A6D20034CD21 /* AppDelegate.h */,
				EBEE93D51C84A6D20034CD21 /* AppDelegate.m */,
				EBE89DB51CD1511E008D3CC3 /* NotesDataStore.h */,
				EBE89DB61CD1511E008D3CC3 /* NotesDataStore.m */,
				EB69D2C41C8516CC00472A51 /* NotesTableViewController.h */,
				EB69D2C51C8516CC00472A51 /* NotesTableViewController.m */,
				EB69D2C71C851BA900472A51 /* SecretNoteViewController.h */,
				EB88B93B1CCE6F3E0066A10A /* noteCell.xib */,
				EB88B93D1CCE72000066A10A /* NoteTableViewCell.h */,
				EB88B93E1CCE72000066A10A /* NoteTableViewCell.m */,
				EB69D2C81C851BA900472A51 /* SecretNoteViewController.m */,
				EBEE93DA1C84A6D20034CD21 /* Main.storyboard */,
				EBEE93DD1C84A6D20034CD21 /* Assets.xcassets */,
				EBEE93DF1C84A6D20034CD21 /* LaunchScreen.storyboard */,
				EBEE93E21C84A6D20034CD21 /* Info.plist */,
				EBEE93D11C84A6D20034CD21 /* Supporting Files */,
			);
			path = Authdemo;
			sourceTree = "<group>";
		};
		EBEE93D11C84A6D20034CD21 /* Supporting Files */ = {
			isa = PBXGroup;
			children = (
				EBEE93D21C84A6D20034CD21 /* main.m */,
			);
			name = "Supporting Files";
			sourceTree = "<group>";
		};
		EBEE93EA1C84A6D20034CD21 /* AuthdemoTests */ = {
			isa = PBXGroup;
			children = (
				EBEE93EB1C84A6D20034CD21 /* AuthdemoTests.m */,
				EBEE93ED1C84A6D20034CD21 /* Info.plist */,
			);
			path = AuthdemoTests;
			sourceTree = "<group>";
		};
		EBEE93F51C84A6D20034CD21 /* AuthdemoUITests */ = {
			isa = PBXGroup;
			children = (
				EBEE93F61C84A6D20034CD21 /* AuthdemoUITests.m */,
				EBEE93F81C84A6D20034CD21 /* Info.plist */,
			);
			path = AuthdemoUITests;
			sourceTree = "<group>";
		};
/* End PBXGroup section */

/* Begin PBXNativeTarget section */
		EBEE93CD1C84A6D20034CD21 /* Authdemo */ = {
			isa = PBXNativeTarget;
			buildConfigurationList = EBEE93FB1C84A6D20034CD21 /* Build configuration list for PBXNativeTarget "Authdemo" */;
			buildPhases = (
				EBEE93CA1C84A6D20034CD21 /* Sources */,
				EBEE93CB1C84A6D20034CD21 /* Frameworks */,
				EBEE93CC1C84A6D20034CD21 /* Resources */,
			);
			buildRules = (
			);
			dependencies = (
			);
			name = Authdemo;
			productName = Authdemo;
			productReference = EBEE93CE1C84A6D20034CD21 /* Authdemo.app */;
			productType = "com.apple.product-type.application";
		};
		EBEE93E61C84A6D20034CD21 /* AuthdemoTests */ = {
			isa = PBXNativeTarget;
			buildConfigurationList = EBEE93FE1C84A6D20034CD21 /* Build configuration list for PBXNativeTarget "AuthdemoTests" */;
			buildPhases = (
				EBEE93E31C84A6D20034CD21 /* Sources */,
				EBEE93E41C84A6D20034CD21 /* Frameworks */,
				EBEE93E51C84A6D20034CD21 /* Resources */,
			);
			buildRules = (
			);
			dependencies = (
				EBEE93E91C84A6D20034CD21 /* PBXTargetDependency */,
			);
			name = AuthdemoTests;
			productName = AuthdemoTests;
			productReference = EBEE93E71C84A6D20034CD21 /* AuthdemoTests.xctest */;
			productType = "com.apple.product-type.bundle.unit-test";
		};
		EBEE93F11C84A6D20034CD21 /* AuthdemoUITests */ = {
			isa = PBXNativeTarget;
			buildConfigurationList = EBEE94011C84A6D20034CD21 /* Build configuration list for PBXNativeTarget "AuthdemoUITests" */;
			buildPhases = (
				EBEE93EE1C84A6D20034CD21 /* Sources */,
				EBEE93EF1C84A6D20034CD21 /* Frameworks */,
				EBEE93F01C84A6D20034CD21 /* Resources */,
			);
			buildRules = (
			);
			dependencies = (
				EBEE93F41C84A6D20034CD21 /* PBXTargetDependency */,
			);
			name = AuthdemoUITests;
			productName = AuthdemoUITests;
			productReference = EBEE93F21C84A6D20034CD21 /* AuthdemoUITests.xctest */;
			productType = "com.apple.product-type.bundle.ui-testing";
		};
/* End PBXNativeTarget section */

/* Begin PBXProject section */
		EBEE93C61C84A6D20034CD21 /* Project object */ = {
			isa = PBXProject;
			attributes = {
				LastUpgradeCheck = 0720;
				ORGANIZATIONNAME = "secret sauce";
				TargetAttributes = {
					EBEE93CD1C84A6D20034CD21 = {
						CreatedOnToolsVersion = 7.2.1;
						DevelopmentTeam = B9NU7FF5WD;
					};
					EBEE93E61C84A6D20034CD21 = {
						CreatedOnToolsVersion = 7.2.1;
						TestTargetID = EBEE93CD1C84A6D20034CD21;
					};
					EBEE93F11C84A6D20034CD21 = {
						CreatedOnToolsVersion = 7.2.1;
						TestTargetID = EBEE93CD1C84A6D20034CD21;
					};
				};
			};
			buildConfigurationList = EBEE93C91C84A6D20034CD21 /* Build configuration list for PBXProject "Autodemo" */;
			compatibilityVersion = "Xcode 3.2";
			developmentRegion = English;
			hasScannedForEncodings = 0;
			knownRegions = (
				en,
				Base,
			);
			mainGroup = EBEE93C51C84A6D20034CD21;
			productRefGroup = EBEE93CF1C84A6D20034CD21 /* Products */;
			projectDirPath = "";
			projectRoot = "";
			targets = (
				EBEE93CD1C84A6D20034CD21 /* Authdemo */,
				EBEE93E61C84A6D20034CD21 /* AuthdemoTests */,
				EBEE93F11C84A6D20034CD21 /* AuthdemoUITests */,
			);
		};
/* End PBXProject section */

/* Begin PBXResourcesBuildPhase section */
		EBEE93CC1C84A6D20034CD21 /* Resources */ = {
			isa = PBXResourcesBuildPhase;
			buildActionMask = 2147483647;
			files = (
				EBEE93E11C84A6D20034CD21 /* LaunchScreen.storyboard in Resources */,
				EBEE93DE1C84A6D20034CD21 /* Assets.xcassets in Resources */,
				EBEE93DC1C84A6D20034CD21 /* Main.storyboard in Resources */,
				EB88B93C1CCE6F3E0066A10A /* noteCell.xib in Resources */,
			);
			runOnlyForDeploymentPostprocessing = 0;
		};
		EBEE93E51C84A6D20034CD21 /* Resources */ = {
			isa = PBXResourcesBuildPhase;
			buildActionMask = 2147483647;
			files = (
			);
			runOnlyForDeploymentPostprocessing = 0;
		};
		EBEE93F01C84A6D20034CD21 /* Resources */ = {
			isa = PBXResourcesBuildPhase;
			buildActionMask = 2147483647;
			files = (
			);
			runOnlyForDeploymentPostprocessing = 0;
		};
/* End PBXResourcesBuildPhase section */

/* Begin PBXSourcesBuildPhase section */
		EBEE93CA1C84A6D20034CD21 /* Sources */ = {
			isa = PBXSourcesBuildPhase;
			buildActionMask = 2147483647;
			files = (
				EB69D2C61C8516CC00472A51 /* NotesTableViewController.m in Sources */,
				EBEE93D61C84A6D20034CD21 /* AppDelegate.m in Sources */,
				EB69D2C91C851BA900472A51 /* SecretNoteViewController.m in Sources */,
				EBE89DB71CD1511E008D3CC3 /* NotesDataStore.m in Sources */,
				EBE89DC61CD1694B008D3CC3 /* NoteDisplay+CoreDataProperties.m in Sources */,
				EBE89DC81CD1694B008D3CC3 /* Note+CoreDataProperties.m in Sources */,
				EBEE93D31C84A6D20034CD21 /* main.m in Sources */,
				EB88B93F1CCE72000066A10A /* NoteTableViewCell.m in Sources */,
				EBE89DC71CD1694B008D3CC3 /* NoteDisplay.m in Sources */,
				EBE89DA51CD148A7008D3CC3 /* NoteModel.xcdatamodeld in Sources */,
				EBE89DC91CD1694B008D3CC3 /* Note.m in Sources */,
			);
			runOnlyForDeploymentPostprocessing = 0;
		};
		EBEE93E31C84A6D20034CD21 /* Sources */ = {
			isa = PBXSourcesBuildPhase;
			buildActionMask = 2147483647;
			files = (
				EBEE93EC1C84A6D20034CD21 /* AuthdemoTests.m in Sources */,
			);
			runOnlyForDeploymentPostprocessing = 0;
		};
		EBEE93EE1C84A6D20034CD21 /* Sources */ = {
			isa = PBXSourcesBuildPhase;
			buildActionMask = 2147483647;
			files = (
				EBEE93F71C84A6D20034CD21 /* AuthdemoUITests.m in Sources */,
			);
			runOnlyForDeploymentPostprocessing = 0;
		};
/* End PBXSourcesBuildPhase section */

/* Begin PBXTargetDependency section */
		EBEE93E91C84A6D20034CD21 /* PBXTargetDependency */ = {
			isa = PBXTargetDependency;
			target = EBEE93CD1C84A6D20034CD21 /* Authdemo */;
			targetProxy = EBEE93E81C84A6D20034CD21 /* PBXContainerItemProxy */;
		};
		EBEE93F41C84A6D20034CD21 /* PBXTargetDependency */ = {
			isa = PBXTargetDependency;
			target = EBEE93CD1C84A6D20034CD21 /* Authdemo */;
			targetProxy = EBEE93F31C84A6D20034CD21 /* PBXContainerItemProxy */;
		};
/* End PBXTargetDependency section */

/* Begin PBXVariantGroup section */
		EBEE93DA1C84A6D20034CD21 /* Main.storyboard */ = {
			isa = PBXVariantGroup;
			children = (
				EBEE93DB1C84A6D20034CD21 /* Base */,
			);
			name = Main.storyboard;
			sourceTree = "<group>";
		};
		EBEE93DF1C84A6D20034CD21 /* LaunchScreen.storyboard */ = {
			isa = PBXVariantGroup;
			children = (
				EBEE93E01C84A6D20034CD21 /* Base */,
			);
			name = LaunchScreen.storyboard;
			sourceTree = "<group>";
		};
/* End PBXVariantGroup section */

/* Begin XCBuildConfiguration section */
		EBEE93F91C84A6D20034CD21 /* Debug */ = {
			isa = XCBuildConfiguration;
			buildSettings = {
				ALWAYS_SEARCH_USER_PATHS = NO;
				CLANG_CXX_LANGUAGE_STANDARD = "gnu++0x";
				CLANG_CXX_LIBRARY = "libc++";
				CLANG_ENABLE_MODULES = YES;
				CLANG_ENABLE_OBJC_ARC = YES;
				CLANG_WARN_BOOL_CONVERSION = YES;
				CLANG_WARN_CONSTANT_CONVERSION = YES;
				CLANG_WARN_DIRECT_OBJC_ISA_USAGE = YES_ERROR;
				CLANG_WARN_EMPTY_BODY = YES;
				CLANG_WARN_ENUM_CONVERSION = YES;
				CLANG_WARN_INT_CONVERSION = YES;
				CLANG_WARN_OBJC_ROOT_CLASS = YES_ERROR;
				CLANG_WARN_UNREACHABLE_CODE = YES;
				CLANG_WARN__DUPLICATE_METHOD_MATCH = YES;
				"CODE_SIGN_IDENTITY[sdk=iphoneos*]" = "iPhone Developer";
				COPY_PHASE_STRIP = NO;
				DEBUG_INFORMATION_FORMAT = dwarf;
				ENABLE_STRICT_OBJC_MSGSEND = YES;
				ENABLE_TESTABILITY = YES;
				GCC_C_LANGUAGE_STANDARD = gnu99;
				GCC_DYNAMIC_NO_PIC = NO;
				GCC_NO_COMMON_BLOCKS = YES;
				GCC_OPTIMIZATION_LEVEL = 0;
				GCC_PREPROCESSOR_DEFINITIONS = (
					"DEBUG=1",
					"$(inherited)",
				);
				GCC_WARN_64_TO_32_BIT_CONVERSION = YES;
				GCC_WARN_ABOUT_RETURN_TYPE = YES_ERROR;
				GCC_WARN_UNDECLARED_SELECTOR = YES;
				GCC_WARN_UNINITIALIZED_AUTOS = YES_AGGRESSIVE;
				GCC_WARN_UNUSED_FUNCTION = YES;
				GCC_WARN_UNUSED_VARIABLE = YES;
				IPHONEOS_DEPLOYMENT_TARGET = 9.2;
				MTL_ENABLE_DEBUG_INFO = YES;
				ONLY_ACTIVE_ARCH = YES;
				SDKROOT = iphoneos;
			};
			name = Debug;
		};
		EBEE93FA1C84A6D20034CD21 /* Release */ = {
			isa = XCBuildConfiguration;
			buildSettings = {
				ALWAYS_SEARCH_USER_PATHS = NO;
				CLANG_CXX_LANGUAGE_STANDARD = "gnu++0x";
				CLANG_CXX_LIBRARY = "libc++";
				CLANG_ENABLE_MODULES = YES;
				CLANG_ENABLE_OBJC_ARC = YES;
				CLANG_WARN_BOOL_CONVERSION = YES;
				CLANG_WARN_CONSTANT_CONVERSION = YES;
				CLANG_WARN_DIRECT_OBJC_ISA_USAGE = YES_ERROR;
				CLANG_WARN_EMPTY_BODY = YES;
				CLANG_WARN_ENUM_CONVERSION = YES;
				CLANG_WARN_INT_CONVERSION = YES;
				CLANG_WARN_OBJC_ROOT_CLASS = YES_ERROR;
				CLANG_WARN_UNREACHABLE_CODE = YES;
				CLANG_WARN__DUPLICATE_METHOD_MATCH = YES;
				"CODE_SIGN_IDENTITY[sdk=iphoneos*]" = "iPhone Developer";
				COPY_PHASE_STRIP = NO;
				DEBUG_INFORMATION_FORMAT = "dwarf-with-dsym";
				ENABLE_NS_ASSERTIONS = NO;
				ENABLE_STRICT_OBJC_MSGSEND = YES;
				GCC_C_LANGUAGE_STANDARD = gnu99;
				GCC_NO_COMMON_BLOCKS = YES;
				GCC_WARN_64_TO_32_BIT_CONVERSION = YES;
				GCC_WARN_ABOUT_RETURN_TYPE = YES_ERROR;
				GCC_WARN_UNDECLARED_SELECTOR = YES;
				GCC_WARN_UNINITIALIZED_AUTOS = YES_AGGRESSIVE;
				GCC_WARN_UNUSED_FUNCTION = YES;
				GCC_WARN_UNUSED_VARIABLE = YES;
				IPHONEOS_DEPLOYMENT_TARGET = 9.2;
				MTL_ENABLE_DEBUG_INFO = NO;
				SDKROOT = iphoneos;
				VALIDATE_PRODUCT = YES;
			};
			name = Release;
		};
		EBEE93FC1C84A6D20034CD21 /* Debug */ = {
			isa = XCBuildConfiguration;
			buildSettings = {
				ASSETCATALOG_COMPILER_APPICON_NAME = AppIcon;
				CODE_SIGN_IDENTITY = "iPhone Developer";
				"CODE_SIGN_IDENTITY[sdk=iphoneos*]" = "iPhone Developer";
				INFOPLIST_FILE = Authdemo/Info.plist;
				LD_RUNPATH_SEARCH_PATHS = "$(inherited) @executable_path/Frameworks";
				PRODUCT_BUNDLE_IDENTIFIER = com.flatironschool.Authdemo;
				PRODUCT_NAME = "$(TARGET_NAME)";
				PROVISIONING_PROFILE = "";
			};
			name = Debug;
		};
		EBEE93FD1C84A6D20034CD21 /* Release */ = {
			isa = XCBuildConfiguration;
			buildSettings = {
				ASSETCATALOG_COMPILER_APPICON_NAME = AppIcon;
				CODE_SIGN_IDENTITY = "iPhone Developer";
				"CODE_SIGN_IDENTITY[sdk=iphoneos*]" = "iPhone Developer";
				INFOPLIST_FILE = Authdemo/Info.plist;
				LD_RUNPATH_SEARCH_PATHS = "$(inherited) @executable_path/Frameworks";
				PRODUCT_BUNDLE_IDENTIFIER = com.flatironschool.Authdemo;
				PRODUCT_NAME = "$(TARGET_NAME)";
				PROVISIONING_PROFILE = "";
			};
			name = Release;
		};
		EBEE93FF1C84A6D20034CD21 /* Debug */ = {
			isa = XCBuildConfiguration;
			buildSettings = {
				BUNDLE_LOADER = "$(TEST_HOST)";
				INFOPLIST_FILE = AuthdemoTests/Info.plist;
				LD_RUNPATH_SEARCH_PATHS = "$(inherited) @executable_path/Frameworks @loader_path/Frameworks";
				PRODUCT_BUNDLE_IDENTIFIER = com.flatironschool.AuthdemoTests;
				PRODUCT_NAME = "$(TARGET_NAME)";
				TEST_HOST = "$(BUILT_PRODUCTS_DIR)/Authdemo.app/Authdemo";
			};
			name = Debug;
		};
		EBEE94001C84A6D20034CD21 /* Release */ = {
			isa = XCBuildConfiguration;
			buildSettings = {
				BUNDLE_LOADER = "$(TEST_HOST)";
				INFOPLIST_FILE = AuthdemoTests/Info.plist;
				LD_RUNPATH_SEARCH_PATHS = "$(inherited) @executable_path/Frameworks @loader_path/Frameworks";
				PRODUCT_BUNDLE_IDENTIFIER = com.flatironschool.AuthdemoTests;
				PRODUCT_NAME = "$(TARGET_NAME)";
				TEST_HOST = "$(BUILT_PRODUCTS_DIR)/Authdemo.app/Authdemo";
			};
			name = Release;
		};
		EBEE94021C84A6D20034CD21 /* Debug */ = {
			isa = XCBuildConfiguration;
			buildSettings = {
				INFOPLIST_FILE = AuthdemoUITests/Info.plist;
				LD_RUNPATH_SEARCH_PATHS = "$(inherited) @executable_path/Frameworks @loader_path/Frameworks";
				PRODUCT_BUNDLE_IDENTIFIER = com.flatironschool.AuthdemoUITests;
				PRODUCT_NAME = "$(TARGET_NAME)";
				TEST_TARGET_NAME = Authdemo;
				USES_XCTRUNNER = YES;
			};
			name = Debug;
		};
		EBEE94031C84A6D20034CD21 /* Release */ = {
			isa = XCBuildConfiguration;
			buildSettings = {
				INFOPLIST_FILE = AuthdemoUITests/Info.plist;
				LD_RUNPATH_SEARCH_PATHS = "$(inherited) @executable_path/Frameworks @loader_path/Frameworks";
				PRODUCT_BUNDLE_IDENTIFIER = com.flatironschool.AuthdemoUITests;
				PRODUCT_NAME = "$(TARGET_NAME)";
				TEST_TARGET_NAME = Authdemo;
				USES_XCTRUNNER = YES;
			};
			name = Release;
		};
/* End XCBuildConfiguration section */

/* Begin XCConfigurationList section */
		EBEE93C91C84A6D20034CD21 /* Build configuration list for PBXProject "Autodemo" */ = {
			isa = XCConfigurationList;
			buildConfigurations = (
				EBEE93F91C84A6D20034CD21 /* Debug */,
				EBEE93FA1C84A6D20034CD21 /* Release */,
			);
			defaultConfigurationIsVisible = 0;
			defaultConfigurationName = Release;
		};
		EBEE93FB1C84A6D20034CD21 /* Build configuration list for PBXNativeTarget "Authdemo" */ = {
			isa = XCConfigurationList;
			buildConfigurations = (
				EBEE93FC1C84A6D20034CD21 /* Debug */,
				EBEE93FD1C84A6D20034CD21 /* Release */,
			);
			defaultConfigurationIsVisible = 0;
			defaultConfigurationName = Release;
		};
		EBEE93FE1C84A6D20034CD21 /* Build configuration list for PBXNativeTarget "AuthdemoTests" */ = {
			isa = XCConfigurationList;
			buildConfigurations = (
				EBEE93FF1C84A6D20034CD21 /* Debug */,
				EBEE94001C84A6D20034CD21 /* Release */,
			);
			defaultConfigurationIsVisible = 0;
			defaultConfigurationName = Release;
		};
		EBEE94011C84A6D20034CD21 /* Build configuration list for PBXNativeTarget "AuthdemoUITests" */ = {
			isa = XCConfigurationList;
			buildConfigurations = (
				EBEE94021C84A6D20034CD21 /* Debug */,
				EBEE94031C84A6D20034CD21 /* Release */,
			);
			defaultConfigurationIsVisible = 0;
			defaultConfigurationName = Release;
		};
/* End XCConfigurationList section */

/* Begin XCVersionGroup section */
		EBE89DA31CD148A7008D3CC3 /* NoteModel.xcdatamodeld */ = {
			isa = XCVersionGroup;
			children = (
				EBE89DA41CD148A7008D3CC3 /* NoteModel.xcdatamodel */,
			);
			currentVersion = EBE89DA41CD148A7008D3CC3 /* NoteModel.xcdatamodel */;
			path = NoteModel.xcdatamodeld;
			sourceTree = "<group>";
			versionGroupType = wrapper.xcdatamodel;
		};
/* End XCVersionGroup section */
	};
	rootObject = EBEE93C61C84A6D20034CD21 /* Project object */;
}
